
Microsoft Visual Studio Solution File, Format Version 12.00
# Visual Studio Version 17
VisualStudioVersion = 17.0.31903.59
MinimumVisualStudioVersion = 10.0.40219.1
Project("{2150E333-8FDC-42A3-9474-1A3956D46DE8}") = "src", "src", "{C2AE0171-139F-4540-AA11-37D6FE361E83}"
EndProject
Project("{2150E333-8FDC-42A3-9474-1A3956D46DE8}") = "test", "test", "{B9C36D7D-8822-4F68-85B4-C52C6FD61DE3}"
EndProject
Project("{2150E333-8FDC-42A3-9474-1A3956D46DE8}") = "ApiGateway", "ApiGateway", "{19C4EAC3-8ACF-44E3-8DF1-901BDB5BDED0}"
EndProject
Project("{2150E333-8FDC-42A3-9474-1A3956D46DE8}") = "Microservices", "Microservices", "{E9AC3C5F-4863-4D90-854E-45DE89541C6D}"
EndProject
Project("{9A19103F-16F7-4668-BE54-9A1E7A4F7556}") = "OcelotGateway", "src\ApiGateway\OcelotGateway\OcelotGateway.csproj", "{8BF4C8EB-6E3B-4F0A-85B2-40AC65EC0F93}"
EndProject
Project("{2150E333-8FDC-42A3-9474-1A3956D46DE8}") = "Book", "Book", "{60F5A736-475F-48D3-804C-525A0BDE53A2}"
EndProject
Project("{2150E333-8FDC-42A3-9474-1A3956D46DE8}") = "User", "User", "{1F405AAB-D23A-465A-A95D-E85324C21B03}"
EndProject
Project("{9A19103F-16F7-4668-BE54-9A1E7A4F7556}") = "BookService.API", "src\Microservices\Book\BookService.API\BookService.API.csproj", "{38316C03-BF77-44A2-A3FE-87D447F60309}"
EndProject
Project("{9A19103F-16F7-4668-BE54-9A1E7A4F7556}") = "UserService.API", "src\Microservices\User\UserService.API\UserService.API.csproj", "{0737E547-E2E0-4D72-8CF9-FFEB467CD037}"
EndProject
Project("{FAE04EC0-301F-11D3-BF4B-00C04F79EFBC}") = "UserService.Dto", "src\Microservices\User\UserService.Dto\UserService.Dto.csproj", "{DB33EF87-9D1A-4BAA-8ED7-58E0421FC567}"
EndProject
Project("{FAE04EC0-301F-11D3-BF4B-00C04F79EFBC}") = "BookService.Dto", "src\Microservices\Book\BookService.Dto\BookService.Dto.csproj", "{8530D052-70A6-4E9D-9567-EE05D9827EA4}"
EndProject
Global
	GlobalSection(SolutionConfigurationPlatforms) = preSolution
		Debug|Any CPU = Debug|Any CPU
		Release|Any CPU = Release|Any CPU
	EndGlobalSection
	GlobalSection(ProjectConfigurationPlatforms) = postSolution
		{8BF4C8EB-6E3B-4F0A-85B2-40AC65EC0F93}.Debug|Any CPU.ActiveCfg = Debug|Any CPU
		{8BF4C8EB-6E3B-4F0A-85B2-40AC65EC0F93}.Debug|Any CPU.Build.0 = Debug|Any CPU
		{8BF4C8EB-6E3B-4F0A-85B2-40AC65EC0F93}.Release|Any CPU.ActiveCfg = Release|Any CPU
		{8BF4C8EB-6E3B-4F0A-85B2-40AC65EC0F93}.Release|Any CPU.Build.0 = Release|Any CPU
		{38316C03-BF77-44A2-A3FE-87D447F60309}.Debug|Any CPU.ActiveCfg = Debug|Any CPU
		{38316C03-BF77-44A2-A3FE-87D447F60309}.Debug|Any CPU.Build.0 = Debug|Any CPU
		{38316C03-BF77-44A2-A3FE-87D447F60309}.Release|Any CPU.ActiveCfg = Release|Any CPU
		{38316C03-BF77-44A2-A3FE-87D447F60309}.Release|Any CPU.Build.0 = Release|Any CPU
		{0737E547-E2E0-4D72-8CF9-FFEB467CD037}.Debug|Any CPU.ActiveCfg = Debug|Any CPU
		{0737E547-E2E0-4D72-8CF9-FFEB467CD037}.Debug|Any CPU.Build.0 = Debug|Any CPU
		{0737E547-E2E0-4D72-8CF9-FFEB467CD037}.Release|Any CPU.ActiveCfg = Release|Any CPU
		{0737E547-E2E0-4D72-8CF9-FFEB467CD037}.Release|Any CPU.Build.0 = Release|Any CPU
		{DB33EF87-9D1A-4BAA-8ED7-58E0421FC567}.Debug|Any CPU.ActiveCfg = Debug|Any CPU
		{DB33EF87-9D1A-4BAA-8ED7-58E0421FC567}.Debug|Any CPU.Build.0 = Debug|Any CPU
		{DB33EF87-9D1A-4BAA-8ED7-58E0421FC567}.Release|Any CPU.ActiveCfg = Release|Any CPU
		{DB33EF87-9D1A-4BAA-8ED7-58E0421FC567}.Release|Any CPU.Build.0 = Release|Any CPU
		{8530D052-70A6-4E9D-9567-EE05D9827EA4}.Debug|Any CPU.ActiveCfg = Debug|Any CPU
		{8530D052-70A6-4E9D-9567-EE05D9827EA4}.Debug|Any CPU.Build.0 = Debug|Any CPU
		{8530D052-70A6-4E9D-9567-EE05D9827EA4}.Release|Any CPU.ActiveCfg = Release|Any CPU
		{8530D052-70A6-4E9D-9567-EE05D9827EA4}.Release|Any CPU.Build.0 = Release|Any CPU
	EndGlobalSection
	GlobalSection(SolutionProperties) = preSolution
		HideSolutionNode = FALSE
	EndGlobalSection
	GlobalSection(NestedProjects) = preSolution
		{19C4EAC3-8ACF-44E3-8DF1-901BDB5BDED0} = {C2AE0171-139F-4540-AA11-37D6FE361E83}
		{E9AC3C5F-4863-4D90-854E-45DE89541C6D} = {C2AE0171-139F-4540-AA11-37D6FE361E83}
		{8BF4C8EB-6E3B-4F0A-85B2-40AC65EC0F93} = {19C4EAC3-8ACF-44E3-8DF1-901BDB5BDED0}
		{60F5A736-475F-48D3-804C-525A0BDE53A2} = {E9AC3C5F-4863-4D90-854E-45DE89541C6D}
		{1F405AAB-D23A-465A-A95D-E85324C21B03} = {E9AC3C5F-4863-4D90-854E-45DE89541C6D}
		{38316C03-BF77-44A2-A3FE-87D447F60309} = {60F5A736-475F-48D3-804C-525A0BDE53A2}
		{0737E547-E2E0-4D72-8CF9-FFEB467CD037} = {1F405AAB-D23A-465A-A95D-E85324C21B03}
		{DB33EF87-9D1A-4BAA-8ED7-58E0421FC567} = {1F405AAB-D23A-465A-A95D-E85324C21B03}
		{8530D052-70A6-4E9D-9567-EE05D9827EA4} = {60F5A736-475F-48D3-804C-525A0BDE53A2}
	EndGlobalSection
	GlobalSection(ExtensibilityGlobals) = postSolution
		SolutionGuid = {8DAB2BD3-FAAA-448D-8C22-C0BC33EFA463}
	EndGlobalSection
EndGlobal
