
Microsoft Visual Studio Solution File, Format Version 12.00
# Visual Studio Version 17
VisualStudioVersion = 17.0.31903.59
MinimumVisualStudioVersion = 10.0.40219.1
Project("{2150E333-8FDC-42A3-9474-1A3956D46DE8}") = "src", "src", "{C2AE0171-139F-4540-AA11-37D6FE361E83}"
EndProject
Project("{2150E333-8FDC-42A3-9474-1A3956D46DE8}") = "test", "test", "{B9C36D7D-8822-4F68-85B4-C52C6FD61DE3}"
EndProject
Project("{2150E333-8FDC-42A3-9474-1A3956D46DE8}") = "ApiGateway", "ApiGateway", "{19C4EAC3-8ACF-44E3-8DF1-901BDB5BDED0}"
EndProject
Project("{2150E333-8FDC-42A3-9474-1A3956D46DE8}") = "Microservices", "Microservices", "{E9AC3C5F-4863-4D90-854E-45DE89541C6D}"
EndProject
Project("{9A19103F-16F7-4668-BE54-9A1E7A4F7556}") = "OcelotGateway", "src\ApiGateway\OcelotGateway\OcelotGateway.csproj", "{8BF4C8EB-6E3B-4F0A-85B2-40AC65EC0F93}"
EndProject
Project("{2150E333-8FDC-42A3-9474-1A3956D46DE8}") = "Common", "Common", "{EC7A4851-9B66-4DAB-AD23-507F74423FC3}"
EndProject
Project("{9A19103F-16F7-4668-BE54-9A1E7A4F7556}") = "ECommerce.Contracts", "src\Common\ECommerce.Contracts\ECommerce.Contracts.csproj", "{5005004A-821D-4717-97DB-F0DFA6BC6B56}"
EndProject
Project("{FAE04EC0-301F-11D3-BF4B-00C04F79EFBC}") = "IdentityService", "src\Microservices\IdentityService\IdentityService.csproj", "{7469F248-BE21-42CE-8825-1BB20FFDC765}"
EndProject
Project("{FAE04EC0-301F-11D3-BF4B-00C04F79EFBC}") = "AccountService", "src\Microservices\AccountService\AccountService.csproj", "{DB5846DC-78D4-4EA7-85B3-BF586B80AAE5}"
EndProject
Project("{FAE04EC0-301F-11D3-BF4B-00C04F79EFBC}") = "BookService", "src\Microservices\BookService\BookService.csproj", "{0B1373ED-F45A-463F-9D5B-5838C8758A8D}"
EndProject
Global
	GlobalSection(SolutionConfigurationPlatforms) = preSolution
		Debug|Any CPU = Debug|Any CPU
		Release|Any CPU = Release|Any CPU
	EndGlobalSection
	GlobalSection(ProjectConfigurationPlatforms) = postSolution
		{8BF4C8EB-6E3B-4F0A-85B2-40AC65EC0F93}.Debug|Any CPU.ActiveCfg = Debug|Any CPU
		{8BF4C8EB-6E3B-4F0A-85B2-40AC65EC0F93}.Debug|Any CPU.Build.0 = Debug|Any CPU
		{8BF4C8EB-6E3B-4F0A-85B2-40AC65EC0F93}.Release|Any CPU.ActiveCfg = Release|Any CPU
		{8BF4C8EB-6E3B-4F0A-85B2-40AC65EC0F93}.Release|Any CPU.Build.0 = Release|Any CPU
		{5005004A-821D-4717-97DB-F0DFA6BC6B56}.Debug|Any CPU.ActiveCfg = Debug|Any CPU
		{5005004A-821D-4717-97DB-F0DFA6BC6B56}.Debug|Any CPU.Build.0 = Debug|Any CPU
		{5005004A-821D-4717-97DB-F0DFA6BC6B56}.Release|Any CPU.ActiveCfg = Release|Any CPU
		{5005004A-821D-4717-97DB-F0DFA6BC6B56}.Release|Any CPU.Build.0 = Release|Any CPU
		{7469F248-BE21-42CE-8825-1BB20FFDC765}.Debug|Any CPU.ActiveCfg = Debug|Any CPU
		{7469F248-BE21-42CE-8825-1BB20FFDC765}.Debug|Any CPU.Build.0 = Debug|Any CPU
		{7469F248-BE21-42CE-8825-1BB20FFDC765}.Release|Any CPU.ActiveCfg = Release|Any CPU
		{7469F248-BE21-42CE-8825-1BB20FFDC765}.Release|Any CPU.Build.0 = Release|Any CPU
		{DB5846DC-78D4-4EA7-85B3-BF586B80AAE5}.Debug|Any CPU.ActiveCfg = Debug|Any CPU
		{DB5846DC-78D4-4EA7-85B3-BF586B80AAE5}.Debug|Any CPU.Build.0 = Debug|Any CPU
		{DB5846DC-78D4-4EA7-85B3-BF586B80AAE5}.Release|Any CPU.ActiveCfg = Release|Any CPU
		{DB5846DC-78D4-4EA7-85B3-BF586B80AAE5}.Release|Any CPU.Build.0 = Release|Any CPU
		{0B1373ED-F45A-463F-9D5B-5838C8758A8D}.Debug|Any CPU.ActiveCfg = Debug|Any CPU
		{0B1373ED-F45A-463F-9D5B-5838C8758A8D}.Debug|Any CPU.Build.0 = Debug|Any CPU
		{0B1373ED-F45A-463F-9D5B-5838C8758A8D}.Release|Any CPU.ActiveCfg = Release|Any CPU
		{0B1373ED-F45A-463F-9D5B-5838C8758A8D}.Release|Any CPU.Build.0 = Release|Any CPU
	EndGlobalSection
	GlobalSection(SolutionProperties) = preSolution
		HideSolutionNode = FALSE
	EndGlobalSection
	GlobalSection(NestedProjects) = preSolution
		{19C4EAC3-8ACF-44E3-8DF1-901BDB5BDED0} = {C2AE0171-139F-4540-AA11-37D6FE361E83}
		{E9AC3C5F-4863-4D90-854E-45DE89541C6D} = {C2AE0171-139F-4540-AA11-37D6FE361E83}
		{8BF4C8EB-6E3B-4F0A-85B2-40AC65EC0F93} = {19C4EAC3-8ACF-44E3-8DF1-901BDB5BDED0}
		{EC7A4851-9B66-4DAB-AD23-507F74423FC3} = {C2AE0171-139F-4540-AA11-37D6FE361E83}
		{5005004A-821D-4717-97DB-F0DFA6BC6B56} = {EC7A4851-9B66-4DAB-AD23-507F74423FC3}
		{7469F248-BE21-42CE-8825-1BB20FFDC765} = {E9AC3C5F-4863-4D90-854E-45DE89541C6D}
		{DB5846DC-78D4-4EA7-85B3-BF586B80AAE5} = {E9AC3C5F-4863-4D90-854E-45DE89541C6D}
		{0B1373ED-F45A-463F-9D5B-5838C8758A8D} = {E9AC3C5F-4863-4D90-854E-45DE89541C6D}
	EndGlobalSection
	GlobalSection(ExtensibilityGlobals) = postSolution
		SolutionGuid = {8DAB2BD3-FAAA-448D-8C22-C0BC33EFA463}
	EndGlobalSection
EndGlobal
